// !$*UTF8*$!
{
	archiveVersion = 1;
	classes = {
	};
	objectVersion = 50;
	objects = {

/* Begin PBXBuildFile section */
		07410DA224008B4100CBF48E /* NSAppleScript+BarControls.swift in Sources */ = {isa = PBXBuildFile; fileRef = 07410DA124008B4100CBF48E /* NSAppleScript+BarControls.swift */; };
		07410DA524008BE100CBF48E /* MusicController.swift in Sources */ = {isa = PBXBuildFile; fileRef = 07410DA424008BE100CBF48E /* MusicController.swift */; };
		07410DA824008D1700CBF48E /* PlayerViewController.swift in Sources */ = {isa = PBXBuildFile; fileRef = 07410DA724008D1700CBF48E /* PlayerViewController.swift */; };
		07C6DA232407C8D6004C6F41 /* StatusItemManager.swift in Sources */ = {isa = PBXBuildFile; fileRef = 07C6DA222407C8D6004C6F41 /* StatusItemManager.swift */; };
		07F2D58424004DA900762407 /* AppDelegate.swift in Sources */ = {isa = PBXBuildFile; fileRef = 07F2D58324004DA900762407 /* AppDelegate.swift */; };
		07F2D58624004DA900762407 /* ViewController.swift in Sources */ = {isa = PBXBuildFile; fileRef = 07F2D58524004DA900762407 /* ViewController.swift */; };
		07F2D58824004DA900762407 /* Assets.xcassets in Resources */ = {isa = PBXBuildFile; fileRef = 07F2D58724004DA900762407 /* Assets.xcassets */; };
		07F2D58B24004DA900762407 /* Main.storyboard in Resources */ = {isa = PBXBuildFile; fileRef = 07F2D58924004DA900762407 /* Main.storyboard */; };
/* End PBXBuildFile section */

/* Begin PBXFileReference section */
		07410DA124008B4100CBF48E /* NSAppleScript+BarControls.swift */ = {isa = PBXFileReference; lastKnownFileType = sourcecode.swift; path = "NSAppleScript+BarControls.swift"; sourceTree = "<group>"; };
		07410DA424008BE100CBF48E /* MusicController.swift */ = {isa = PBXFileReference; lastKnownFileType = sourcecode.swift; path = MusicController.swift; sourceTree = "<group>"; };
		07410DA724008D1700CBF48E /* PlayerViewController.swift */ = {isa = PBXFileReference; lastKnownFileType = sourcecode.swift; path = PlayerViewController.swift; sourceTree = "<group>"; };
		07C6DA222407C8D6004C6F41 /* StatusItemManager.swift */ = {isa = PBXFileReference; lastKnownFileType = sourcecode.swift; path = StatusItemManager.swift; sourceTree = "<group>"; };
		07F2D58024004DA900762407 /* BarControls.app */ = {isa = PBXFileReference; explicitFileType = wrapper.application; includeInIndex = 0; path = BarControls.app; sourceTree = BUILT_PRODUCTS_DIR; };
		07F2D58324004DA900762407 /* AppDelegate.swift */ = {isa = PBXFileReference; lastKnownFileType = sourcecode.swift; path = AppDelegate.swift; sourceTree = "<group>"; };
		07F2D58524004DA900762407 /* ViewController.swift */ = {isa = PBXFileReference; lastKnownFileType = sourcecode.swift; path = ViewController.swift; sourceTree = "<group>"; };
		07F2D58724004DA900762407 /* Assets.xcassets */ = {isa = PBXFileReference; lastKnownFileType = folder.assetcatalog; path = Assets.xcassets; sourceTree = "<group>"; };
		07F2D58A24004DA900762407 /* Base */ = {isa = PBXFileReference; lastKnownFileType = file.storyboard; name = Base; path = Base.lproj/Main.storyboard; sourceTree = "<group>"; };
		07F2D58C24004DA900762407 /* Info.plist */ = {isa = PBXFileReference; lastKnownFileType = text.plist.xml; path = Info.plist; sourceTree = "<group>"; };
		07F2D58D24004DA900762407 /* BarControls.entitlements */ = {isa = PBXFileReference; lastKnownFileType = text.plist.entitlements; path = BarControls.entitlements; sourceTree = "<group>"; };
/* End PBXFileReference section */

/* Begin PBXFrameworksBuildPhase section */
		07F2D57D24004DA900762407 /* Frameworks */ = {
			isa = PBXFrameworksBuildPhase;
			buildActionMask = 2147483647;
			files = (
			);
			runOnlyForDeploymentPostprocessing = 0;
		};
/* End PBXFrameworksBuildPhase section */

/* Begin PBXGroup section */
		07410DA024008B1F00CBF48E /* Extensions */ = {
			isa = PBXGroup;
			children = (
				07410DA124008B4100CBF48E /* NSAppleScript+BarControls.swift */,
			);
			path = Extensions;
			sourceTree = "<group>";
		};
		07410DA324008BD000CBF48E /* MusicController */ = {
			isa = PBXGroup;
			children = (
				07410DA424008BE100CBF48E /* MusicController.swift */,
			);
			path = MusicController;
			sourceTree = "<group>";
		};
		07410DA624008CD000CBF48E /* ViewControllers */ = {
			isa = PBXGroup;
			children = (
				07410DA724008D1700CBF48E /* PlayerViewController.swift */,
			);
			path = ViewControllers;
			sourceTree = "<group>";
		};
		07F2D57724004DA900762407 = {
			isa = PBXGroup;
			children = (
				07F2D58224004DA900762407 /* BarControls */,
				07F2D58124004DA900762407 /* Products */,
			);
			sourceTree = "<group>";
		};
		07F2D58124004DA900762407 /* Products */ = {
			isa = PBXGroup;
			children = (
				07F2D58024004DA900762407 /* BarControls.app */,
			);
			name = Products;
			sourceTree = "<group>";
		};
		07F2D58224004DA900762407 /* BarControls */ = {
			isa = PBXGroup;
			children = (
				07410DA324008BD000CBF48E /* MusicController */,
				07410DA624008CD000CBF48E /* ViewControllers */,
				07410DA024008B1F00CBF48E /* Extensions */,
				07C6DA222407C8D6004C6F41 /* StatusItemManager.swift */,
				07F2D58324004DA900762407 /* AppDelegate.swift */,
				07F2D58524004DA900762407 /* ViewController.swift */,
				07F2D58724004DA900762407 /* Assets.xcassets */,
				07F2D58924004DA900762407 /* Main.storyboard */,
				07F2D58C24004DA900762407 /* Info.plist */,
				07F2D58D24004DA900762407 /* BarControls.entitlements */,
			);
			path = BarControls;
			sourceTree = "<group>";
		};
/* End PBXGroup section */

/* Begin PBXNativeTarget section */
		07F2D57F24004DA900762407 /* BarControls */ = {
			isa = PBXNativeTarget;
			buildConfigurationList = 07F2D59024004DA900762407 /* Build configuration list for PBXNativeTarget "BarControls" */;
			buildPhases = (
				07F2D57C24004DA900762407 /* Sources */,
				07F2D57D24004DA900762407 /* Frameworks */,
				07F2D57E24004DA900762407 /* Resources */,
			);
			buildRules = (
			);
			dependencies = (
			);
			name = BarControls;
			productName = BarControls;
			productReference = 07F2D58024004DA900762407 /* BarControls.app */;
			productType = "com.apple.product-type.application";
		};
/* End PBXNativeTarget section */

/* Begin PBXProject section */
		07F2D57824004DA900762407 /* Project object */ = {
			isa = PBXProject;
			attributes = {
				LastSwiftUpdateCheck = 1130;
				LastUpgradeCheck = 1130;
				ORGANIZATIONNAME = slawa.gurevich;
				TargetAttributes = {
					07F2D57F24004DA900762407 = {
						CreatedOnToolsVersion = 11.3.1;
					};
				};
			};
			buildConfigurationList = 07F2D57B24004DA900762407 /* Build configuration list for PBXProject "BarControls" */;
			compatibilityVersion = "Xcode 9.3";
			developmentRegion = en;
			hasScannedForEncodings = 0;
			knownRegions = (
				en,
				Base,
			);
			mainGroup = 07F2D57724004DA900762407;
			productRefGroup = 07F2D58124004DA900762407 /* Products */;
			projectDirPath = "";
			projectRoot = "";
			targets = (
				07F2D57F24004DA900762407 /* BarControls */,
			);
		};
/* End PBXProject section */

/* Begin PBXResourcesBuildPhase section */
		07F2D57E24004DA900762407 /* Resources */ = {
			isa = PBXResourcesBuildPhase;
			buildActionMask = 2147483647;
			files = (
				07F2D58824004DA900762407 /* Assets.xcassets in Resources */,
				07F2D58B24004DA900762407 /* Main.storyboard in Resources */,
			);
			runOnlyForDeploymentPostprocessing = 0;
		};
/* End PBXResourcesBuildPhase section */

/* Begin PBXSourcesBuildPhase section */
		07F2D57C24004DA900762407 /* Sources */ = {
			isa = PBXSourcesBuildPhase;
			buildActionMask = 2147483647;
			files = (
				07C6DA232407C8D6004C6F41 /* StatusItemManager.swift in Sources */,
				07410DA224008B4100CBF48E /* NSAppleScript+BarControls.swift in Sources */,
				07410DA524008BE100CBF48E /* MusicController.swift in Sources */,
				07F2D58624004DA900762407 /* ViewController.swift in Sources */,
				07F2D58424004DA900762407 /* AppDelegate.swift in Sources */,
				07410DA824008D1700CBF48E /* PlayerViewController.swift in Sources */,
			);
			runOnlyForDeploymentPostprocessing = 0;
		};
/* End PBXSourcesBuildPhase section */

/* Begin PBXVariantGroup section */
		07F2D58924004DA900762407 /* Main.storyboard */ = {
			isa = PBXVariantGroup;
			children = (
				07F2D58A24004DA900762407 /* Base */,
			);
			name = Main.storyboard;
			sourceTree = "<group>";
		};
/* End PBXVariantGroup section */

/* Begin XCBuildConfiguration section */
		07F2D58E24004DA900762407 /* Debug */ = {
			isa = XCBuildConfiguration;
			buildSettings = {
				ALWAYS_SEARCH_USER_PATHS = NO;
				CLANG_ANALYZER_NONNULL = YES;
				CLANG_ANALYZER_NUMBER_OBJECT_CONVERSION = YES_AGGRESSIVE;
				CLANG_CXX_LANGUAGE_STANDARD = "gnu++14";
				CLANG_CXX_LIBRARY = "libc++";
				CLANG_ENABLE_MODULES = YES;
				CLANG_ENABLE_OBJC_ARC = YES;
				CLANG_ENABLE_OBJC_WEAK = YES;
				CLANG_WARN_BLOCK_CAPTURE_AUTORELEASING = YES;
				CLANG_WARN_BOOL_CONVERSION = YES;
				CLANG_WARN_COMMA = YES;
				CLANG_WARN_CONSTANT_CONVERSION = YES;
				CLANG_WARN_DEPRECATED_OBJC_IMPLEMENTATIONS = YES;
				CLANG_WARN_DIRECT_OBJC_ISA_USAGE = YES_ERROR;
				CLANG_WARN_DOCUMENTATION_COMMENTS = YES;
				CLANG_WARN_EMPTY_BODY = YES;
				CLANG_WARN_ENUM_CONVERSION = YES;
				CLANG_WARN_INFINITE_RECURSION = YES;
				CLANG_WARN_INT_CONVERSION = YES;
				CLANG_WARN_NON_LITERAL_NULL_CONVERSION = YES;
				CLANG_WARN_OBJC_IMPLICIT_RETAIN_SELF = YES;
				CLANG_WARN_OBJC_LITERAL_CONVERSION = YES;
				CLANG_WARN_OBJC_ROOT_CLASS = YES_ERROR;
				CLANG_WARN_RANGE_LOOP_ANALYSIS = YES;
				CLANG_WARN_STRICT_PROTOTYPES = YES;
				CLANG_WARN_SUSPICIOUS_MOVE = YES;
				CLANG_WARN_UNGUARDED_AVAILABILITY = YES_AGGRESSIVE;
				CLANG_WARN_UNREACHABLE_CODE = YES;
				CLANG_WARN__DUPLICATE_METHOD_MATCH = YES;
				COPY_PHASE_STRIP = NO;
				DEBUG_INFORMATION_FORMAT = dwarf;
				ENABLE_STRICT_OBJC_MSGSEND = YES;
				ENABLE_TESTABILITY = YES;
				GCC_C_LANGUAGE_STANDARD = gnu11;
				GCC_DYNAMIC_NO_PIC = NO;
				GCC_NO_COMMON_BLOCKS = YES;
				GCC_OPTIMIZATION_LEVEL = 0;
				GCC_PREPROCESSOR_DEFINITIONS = (
					"DEBUG=1",
					"$(inherited)",
				);
				GCC_WARN_64_TO_32_BIT_CONVERSION = YES;
				GCC_WARN_ABOUT_RETURN_TYPE = YES_ERROR;
				GCC_WARN_UNDECLARED_SELECTOR = YES;
				GCC_WARN_UNINITIALIZED_AUTOS = YES_AGGRESSIVE;
				GCC_WARN_UNUSED_FUNCTION = YES;
				GCC_WARN_UNUSED_VARIABLE = YES;
				MACOSX_DEPLOYMENT_TARGET = 10.15;
				MTL_ENABLE_DEBUG_INFO = INCLUDE_SOURCE;
				MTL_FAST_MATH = YES;
				ONLY_ACTIVE_ARCH = YES;
				SDKROOT = macosx;
				SWIFT_ACTIVE_COMPILATION_CONDITIONS = DEBUG;
				SWIFT_OPTIMIZATION_LEVEL = "-Onone";
			};
			name = Debug;
		};
		07F2D58F24004DA900762407 /* Release */ = {
			isa = XCBuildConfiguration;
			buildSettings = {
				ALWAYS_SEARCH_USER_PATHS = NO;
				CLANG_ANALYZER_NONNULL = YES;
				CLANG_ANALYZER_NUMBER_OBJECT_CONVERSION = YES_AGGRESSIVE;
				CLANG_CXX_LANGUAGE_STANDARD = "gnu++14";
				CLANG_CXX_LIBRARY = "libc++";
				CLANG_ENABLE_MODULES = YES;
				CLANG_ENABLE_OBJC_ARC = YES;
				CLANG_ENABLE_OBJC_WEAK = YES;
				CLANG_WARN_BLOCK_CAPTURE_AUTORELEASING = YES;
				CLANG_WARN_BOOL_CONVERSION = YES;
				CLANG_WARN_COMMA = YES;
				CLANG_WARN_CONSTANT_CONVERSION = YES;
				CLANG_WARN_DEPRECATED_OBJC_IMPLEMENTATIONS = YES;
				CLANG_WARN_DIRECT_OBJC_ISA_USAGE = YES_ERROR;
				CLANG_WARN_DOCUMENTATION_COMMENTS = YES;
				CLANG_WARN_EMPTY_BODY = YES;
				CLANG_WARN_ENUM_CONVERSION = YES;
				CLANG_WARN_INFINITE_RECURSION = YES;
				CLANG_WARN_INT_CONVERSION = YES;
				CLANG_WARN_NON_LITERAL_NULL_CONVERSION = YES;
				CLANG_WARN_OBJC_IMPLICIT_RETAIN_SELF = YES;
				CLANG_WARN_OBJC_LITERAL_CONVERSION = YES;
				CLANG_WARN_OBJC_ROOT_CLASS = YES_ERROR;
				CLANG_WARN_RANGE_LOOP_ANALYSIS = YES;
				CLANG_WARN_STRICT_PROTOTYPES = YES;
				CLANG_WARN_SUSPICIOUS_MOVE = YES;
				CLANG_WARN_UNGUARDED_AVAILABILITY = YES_AGGRESSIVE;
				CLANG_WARN_UNREACHABLE_CODE = YES;
				CLANG_WARN__DUPLICATE_METHOD_MATCH = YES;
				COPY_PHASE_STRIP = NO;
				DEBUG_INFORMATION_FORMAT = "dwarf-with-dsym";
				ENABLE_NS_ASSERTIONS = NO;
				ENABLE_STRICT_OBJC_MSGSEND = YES;
				GCC_C_LANGUAGE_STANDARD = gnu11;
				GCC_NO_COMMON_BLOCKS = YES;
				GCC_WARN_64_TO_32_BIT_CONVERSION = YES;
				GCC_WARN_ABOUT_RETURN_TYPE = YES_ERROR;
				GCC_WARN_UNDECLARED_SELECTOR = YES;
				GCC_WARN_UNINITIALIZED_AUTOS = YES_AGGRESSIVE;
				GCC_WARN_UNUSED_FUNCTION = YES;
				GCC_WARN_UNUSED_VARIABLE = YES;
				MACOSX_DEPLOYMENT_TARGET = 10.15;
				MTL_ENABLE_DEBUG_INFO = NO;
				MTL_FAST_MATH = YES;
				SDKROOT = macosx;
				SWIFT_COMPILATION_MODE = wholemodule;
				SWIFT_OPTIMIZATION_LEVEL = "-O";
			};
			name = Release;
		};
		07F2D59124004DA900762407 /* Debug */ = {
			isa = XCBuildConfiguration;
			buildSettings = {
				ASSETCATALOG_COMPILER_APPICON_NAME = AppIcon;
				CODE_SIGN_ENTITLEMENTS = BarControls/BarControls.entitlements;
				CODE_SIGN_STYLE = Automatic;
				COMBINE_HIDPI_IMAGES = YES;
				DEVELOPMENT_TEAM = G2AXQ88563;
				ENABLE_HARDENED_RUNTIME = YES;
				INFOPLIST_FILE = BarControls/Info.plist;
				LD_RUNPATH_SEARCH_PATHS = (
					"$(inherited)",
					"@executable_path/../Frameworks",
				);
				PRODUCT_BUNDLE_IDENTIFIER = com.slawagurevich.BarControls;
				PRODUCT_NAME = "$(TARGET_NAME)";
				SWIFT_VERSION = 5.0;
			};
			name = Debug;
		};
		07F2D59224004DA900762407 /* Release */ = {
			isa = XCBuildConfiguration;
			buildSettings = {
				ASSETCATALOG_COMPILER_APPICON_NAME = AppIcon;
				CODE_SIGN_ENTITLEMENTS = BarControls/BarControls.entitlements;
				CODE_SIGN_STYLE = Automatic;
				COMBINE_HIDPI_IMAGES = YES;
				DEVELOPMENT_TEAM = G2AXQ88563;
				ENABLE_HARDENED_RUNTIME = YES;
				INFOPLIST_FILE = BarControls/Info.plist;
				LD_RUNPATH_SEARCH_PATHS = (
					"$(inherited)",
					"@executable_path/../Frameworks",
				);
				PRODUCT_BUNDLE_IDENTIFIER = com.slawagurevich.BarControls;
				PRODUCT_NAME = "$(TARGET_NAME)";
				SWIFT_VERSION = 5.0;
			};
			name = Release;
		};
/* End XCBuildConfiguration section */

/* Begin XCConfigurationList section */
		07F2D57B24004DA900762407 /* Build configuration list for PBXProject "BarControls" */ = {
			isa = XCConfigurationList;
			buildConfigurations = (
				07F2D58E24004DA900762407 /* Debug */,
				07F2D58F24004DA900762407 /* Release */,
			);
			defaultConfigurationIsVisible = 0;
			defaultConfigurationName = Release;
		};
		07F2D59024004DA900762407 /* Build configuration list for PBXNativeTarget "BarControls" */ = {
			isa = XCConfigurationList;
			buildConfigurations = (
				07F2D59124004DA900762407 /* Debug */,
				07F2D59224004DA900762407 /* Release */,
			);
			defaultConfigurationIsVisible = 0;
			defaultConfigurationName = Release;
		};
/* End XCConfigurationList section */
	};
	rootObject = 07F2D57824004DA900762407 /* Project object */;
}
